// !$*UTF8*$!
{
	archiveVersion = 1;
	classes = {
	};
	objectVersion = 50;
	objects = {

/* Begin PBXBuildFile section */
		0A0473FD242D52D9000F2F7B /* AppDelegate.swift in Sources */ = {isa = PBXBuildFile; fileRef = 0A0473FC242D52D9000F2F7B /* AppDelegate.swift */; };
		0A0473FF242D52D9000F2F7B /* SceneDelegate.swift in Sources */ = {isa = PBXBuildFile; fileRef = 0A0473FE242D52D9000F2F7B /* SceneDelegate.swift */; };
		0A047401242D52D9000F2F7B /* ViewController.swift in Sources */ = {isa = PBXBuildFile; fileRef = 0A047400242D52D9000F2F7B /* ViewController.swift */; };
		0A047404242D52D9000F2F7B /* Main.storyboard in Resources */ = {isa = PBXBuildFile; fileRef = 0A047402242D52D9000F2F7B /* Main.storyboard */; };
		0A047406242D52DE000F2F7B /* Assets.xcassets in Resources */ = {isa = PBXBuildFile; fileRef = 0A047405242D52DE000F2F7B /* Assets.xcassets */; };
		0A047409242D52DE000F2F7B /* LaunchScreen.storyboard in Resources */ = {isa = PBXBuildFile; fileRef = 0A047407242D52DE000F2F7B /* LaunchScreen.storyboard */; };
		0A047414242D52DF000F2F7B /* minichallenge02Tests.swift in Sources */ = {isa = PBXBuildFile; fileRef = 0A047413242D52DF000F2F7B /* minichallenge02Tests.swift */; };
		0A04741F242D52DF000F2F7B /* minichallenge02UITests.swift in Sources */ = {isa = PBXBuildFile; fileRef = 0A04741E242D52DF000F2F7B /* minichallenge02UITests.swift */; };
		0AFA071E243BA1DB00D81772 /* Cadastro.storyboard in Resources */ = {isa = PBXBuildFile; fileRef = 0AFA071D243BA1DB00D81772 /* Cadastro.storyboard */; };
		0AFA0720243BA1EA00D81772 /* Config.storyboard in Resources */ = {isa = PBXBuildFile; fileRef = 0AFA071F243BA1EA00D81772 /* Config.storyboard */; };
		0AFA0722243BA21B00D81772 /* Recompensa.storyboard in Resources */ = {isa = PBXBuildFile; fileRef = 0AFA0721243BA21B00D81772 /* Recompensa.storyboard */; };
		0AFA0724243BA22800D81772 /* Atividades.storyboard in Resources */ = {isa = PBXBuildFile; fileRef = 0AFA0723243BA22800D81772 /* Atividades.storyboard */; };
		85BF23AA2444EB23001C7BFF /* GameViewController.swift in Sources */ = {isa = PBXBuildFile; fileRef = 85BF23A92444EB23001C7BFF /* GameViewController.swift */; };
		85BF23AC2444EDC5001C7BFF /* EscovaDente.swift in Sources */ = {isa = PBXBuildFile; fileRef = 85BF23AB2444EDC5001C7BFF /* EscovaDente.swift */; };
/* End PBXBuildFile section */

/* Begin PBXContainerItemProxy section */
		0A047410242D52DF000F2F7B /* PBXContainerItemProxy */ = {
			isa = PBXContainerItemProxy;
			containerPortal = 0A0473F1242D52D9000F2F7B /* Project object */;
			proxyType = 1;
			remoteGlobalIDString = 0A0473F8242D52D9000F2F7B;
			remoteInfo = minichallenge02;
		};
		0A04741B242D52DF000F2F7B /* PBXContainerItemProxy */ = {
			isa = PBXContainerItemProxy;
			containerPortal = 0A0473F1242D52D9000F2F7B /* Project object */;
			proxyType = 1;
			remoteGlobalIDString = 0A0473F8242D52D9000F2F7B;
			remoteInfo = minichallenge02;
		};
/* End PBXContainerItemProxy section */

/* Begin PBXFileReference section */
		0A0473F9242D52D9000F2F7B /* minichallenge02.app */ = {isa = PBXFileReference; explicitFileType = wrapper.application; includeInIndex = 0; path = minichallenge02.app; sourceTree = BUILT_PRODUCTS_DIR; };
		0A0473FC242D52D9000F2F7B /* AppDelegate.swift */ = {isa = PBXFileReference; lastKnownFileType = sourcecode.swift; path = AppDelegate.swift; sourceTree = "<group>"; };
		0A0473FE242D52D9000F2F7B /* SceneDelegate.swift */ = {isa = PBXFileReference; lastKnownFileType = sourcecode.swift; path = SceneDelegate.swift; sourceTree = "<group>"; };
		0A047400242D52D9000F2F7B /* ViewController.swift */ = {isa = PBXFileReference; lastKnownFileType = sourcecode.swift; path = ViewController.swift; sourceTree = "<group>"; };
		0A047403242D52D9000F2F7B /* Base */ = {isa = PBXFileReference; lastKnownFileType = file.storyboard; name = Base; path = Base.lproj/Main.storyboard; sourceTree = "<group>"; };
		0A047405242D52DE000F2F7B /* Assets.xcassets */ = {isa = PBXFileReference; lastKnownFileType = folder.assetcatalog; path = Assets.xcassets; sourceTree = "<group>"; };
		0A047408242D52DE000F2F7B /* Base */ = {isa = PBXFileReference; lastKnownFileType = file.storyboard; name = Base; path = Base.lproj/LaunchScreen.storyboard; sourceTree = "<group>"; };
		0A04740A242D52DE000F2F7B /* Info.plist */ = {isa = PBXFileReference; lastKnownFileType = text.plist.xml; path = Info.plist; sourceTree = "<group>"; };
		0A04740F242D52DF000F2F7B /* minichallenge02Tests.xctest */ = {isa = PBXFileReference; explicitFileType = wrapper.cfbundle; includeInIndex = 0; path = minichallenge02Tests.xctest; sourceTree = BUILT_PRODUCTS_DIR; };
		0A047413242D52DF000F2F7B /* minichallenge02Tests.swift */ = {isa = PBXFileReference; lastKnownFileType = sourcecode.swift; path = minichallenge02Tests.swift; sourceTree = "<group>"; };
		0A047415242D52DF000F2F7B /* Info.plist */ = {isa = PBXFileReference; lastKnownFileType = text.plist.xml; path = Info.plist; sourceTree = "<group>"; };
		0A04741A242D52DF000F2F7B /* minichallenge02UITests.xctest */ = {isa = PBXFileReference; explicitFileType = wrapper.cfbundle; includeInIndex = 0; path = minichallenge02UITests.xctest; sourceTree = BUILT_PRODUCTS_DIR; };
		0A04741E242D52DF000F2F7B /* minichallenge02UITests.swift */ = {isa = PBXFileReference; lastKnownFileType = sourcecode.swift; path = minichallenge02UITests.swift; sourceTree = "<group>"; };
		0A047420242D52DF000F2F7B /* Info.plist */ = {isa = PBXFileReference; lastKnownFileType = text.plist.xml; path = Info.plist; sourceTree = "<group>"; };
		0AFA071D243BA1DB00D81772 /* Cadastro.storyboard */ = {isa = PBXFileReference; lastKnownFileType = file.storyboard; path = Cadastro.storyboard; sourceTree = "<group>"; };
		0AFA071F243BA1EA00D81772 /* Config.storyboard */ = {isa = PBXFileReference; lastKnownFileType = file.storyboard; path = Config.storyboard; sourceTree = "<group>"; };
		0AFA0721243BA21B00D81772 /* Recompensa.storyboard */ = {isa = PBXFileReference; lastKnownFileType = file.storyboard; path = Recompensa.storyboard; sourceTree = "<group>"; };
		0AFA0723243BA22800D81772 /* Atividades.storyboard */ = {isa = PBXFileReference; lastKnownFileType = file.storyboard; path = Atividades.storyboard; sourceTree = "<group>"; };
		85BF23A92444EB23001C7BFF /* GameViewController.swift */ = {isa = PBXFileReference; lastKnownFileType = sourcecode.swift; path = GameViewController.swift; sourceTree = "<group>"; };
		85BF23AB2444EDC5001C7BFF /* EscovaDente.swift */ = {isa = PBXFileReference; lastKnownFileType = sourcecode.swift; path = EscovaDente.swift; sourceTree = "<group>"; };
/* End PBXFileReference section */

/* Begin PBXFrameworksBuildPhase section */
		0A0473F6242D52D9000F2F7B /* Frameworks */ = {
			isa = PBXFrameworksBuildPhase;
			buildActionMask = 2147483647;
			files = (
			);
			runOnlyForDeploymentPostprocessing = 0;
		};
		0A04740C242D52DF000F2F7B /* Frameworks */ = {
			isa = PBXFrameworksBuildPhase;
			buildActionMask = 2147483647;
			files = (
			);
			runOnlyForDeploymentPostprocessing = 0;
		};
		0A047417242D52DF000F2F7B /* Frameworks */ = {
			isa = PBXFrameworksBuildPhase;
			buildActionMask = 2147483647;
			files = (
			);
			runOnlyForDeploymentPostprocessing = 0;
		};
/* End PBXFrameworksBuildPhase section */

/* Begin PBXGroup section */
		0A0473F0242D52D9000F2F7B = {
			isa = PBXGroup;
			children = (
				0A0473FB242D52D9000F2F7B /* minichallenge02 */,
				0A047412242D52DF000F2F7B /* minichallenge02Tests */,
				0A04741D242D52DF000F2F7B /* minichallenge02UITests */,
				0A0473FA242D52D9000F2F7B /* Products */,
			);
			sourceTree = "<group>";
		};
		0A0473FA242D52D9000F2F7B /* Products */ = {
			isa = PBXGroup;
			children = (
				0A0473F9242D52D9000F2F7B /* minichallenge02.app */,
				0A04740F242D52DF000F2F7B /* minichallenge02Tests.xctest */,
				0A04741A242D52DF000F2F7B /* minichallenge02UITests.xctest */,
			);
			name = Products;
			sourceTree = "<group>";
		};
		0A0473FB242D52D9000F2F7B /* minichallenge02 */ = {
			isa = PBXGroup;
			children = (
				0A0473FC242D52D9000F2F7B /* AppDelegate.swift */,
				0A0473FE242D52D9000F2F7B /* SceneDelegate.swift */,
				0A047400242D52D9000F2F7B /* ViewController.swift */,
				0A047402242D52D9000F2F7B /* Main.storyboard */,
				0AFA071D243BA1DB00D81772 /* Cadastro.storyboard */,
				0AFA071F243BA1EA00D81772 /* Config.storyboard */,
				0AFA0721243BA21B00D81772 /* Recompensa.storyboard */,
				0AFA0723243BA22800D81772 /* Atividades.storyboard */,
				0A047405242D52DE000F2F7B /* Assets.xcassets */,
				0A047407242D52DE000F2F7B /* LaunchScreen.storyboard */,
				0A04740A242D52DE000F2F7B /* Info.plist */,
				85BF23A92444EB23001C7BFF /* GameViewController.swift */,
				85BF23AB2444EDC5001C7BFF /* EscovaDente.swift */,
			);
			path = minichallenge02;
			sourceTree = "<group>";
		};
		0A047412242D52DF000F2F7B /* minichallenge02Tests */ = {
			isa = PBXGroup;
			children = (
				0A047413242D52DF000F2F7B /* minichallenge02Tests.swift */,
				0A047415242D52DF000F2F7B /* Info.plist */,
			);
			path = minichallenge02Tests;
			sourceTree = "<group>";
		};
		0A04741D242D52DF000F2F7B /* minichallenge02UITests */ = {
			isa = PBXGroup;
			children = (
				0A04741E242D52DF000F2F7B /* minichallenge02UITests.swift */,
				0A047420242D52DF000F2F7B /* Info.plist */,
			);
			path = minichallenge02UITests;
			sourceTree = "<group>";
		};
/* End PBXGroup section */

/* Begin PBXNativeTarget section */
		0A0473F8242D52D9000F2F7B /* minichallenge02 */ = {
			isa = PBXNativeTarget;
			buildConfigurationList = 0A047423242D52DF000F2F7B /* Build configuration list for PBXNativeTarget "minichallenge02" */;
			buildPhases = (
				0A0473F5242D52D9000F2F7B /* Sources */,
				0A0473F6242D52D9000F2F7B /* Frameworks */,
				0A0473F7242D52D9000F2F7B /* Resources */,
			);
			buildRules = (
			);
			dependencies = (
			);
			name = minichallenge02;
			productName = minichallenge02;
			productReference = 0A0473F9242D52D9000F2F7B /* minichallenge02.app */;
			productType = "com.apple.product-type.application";
		};
		0A04740E242D52DF000F2F7B /* minichallenge02Tests */ = {
			isa = PBXNativeTarget;
			buildConfigurationList = 0A047426242D52DF000F2F7B /* Build configuration list for PBXNativeTarget "minichallenge02Tests" */;
			buildPhases = (
				0A04740B242D52DF000F2F7B /* Sources */,
				0A04740C242D52DF000F2F7B /* Frameworks */,
				0A04740D242D52DF000F2F7B /* Resources */,
			);
			buildRules = (
			);
			dependencies = (
				0A047411242D52DF000F2F7B /* PBXTargetDependency */,
			);
			name = minichallenge02Tests;
			productName = minichallenge02Tests;
			productReference = 0A04740F242D52DF000F2F7B /* minichallenge02Tests.xctest */;
			productType = "com.apple.product-type.bundle.unit-test";
		};
		0A047419242D52DF000F2F7B /* minichallenge02UITests */ = {
			isa = PBXNativeTarget;
			buildConfigurationList = 0A047429242D52DF000F2F7B /* Build configuration list for PBXNativeTarget "minichallenge02UITests" */;
			buildPhases = (
				0A047416242D52DF000F2F7B /* Sources */,
				0A047417242D52DF000F2F7B /* Frameworks */,
				0A047418242D52DF000F2F7B /* Resources */,
			);
			buildRules = (
			);
			dependencies = (
				0A04741C242D52DF000F2F7B /* PBXTargetDependency */,
			);
			name = minichallenge02UITests;
			productName = minichallenge02UITests;
			productReference = 0A04741A242D52DF000F2F7B /* minichallenge02UITests.xctest */;
			productType = "com.apple.product-type.bundle.ui-testing";
		};
/* End PBXNativeTarget section */

/* Begin PBXProject section */
		0A0473F1242D52D9000F2F7B /* Project object */ = {
			isa = PBXProject;
			attributes = {
				LastSwiftUpdateCheck = 1140;
				LastUpgradeCheck = 1140;
				ORGANIZATIONNAME = "Juan Suman";
				TargetAttributes = {
					0A0473F8242D52D9000F2F7B = {
						CreatedOnToolsVersion = 11.4;
					};
					0A04740E242D52DF000F2F7B = {
						CreatedOnToolsVersion = 11.4;
						TestTargetID = 0A0473F8242D52D9000F2F7B;
					};
					0A047419242D52DF000F2F7B = {
						CreatedOnToolsVersion = 11.4;
						TestTargetID = 0A0473F8242D52D9000F2F7B;
					};
				};
			};
			buildConfigurationList = 0A0473F4242D52D9000F2F7B /* Build configuration list for PBXProject "minichallenge02" */;
			compatibilityVersion = "Xcode 9.3";
			developmentRegion = en;
			hasScannedForEncodings = 0;
			knownRegions = (
				en,
				Base,
			);
			mainGroup = 0A0473F0242D52D9000F2F7B;
			productRefGroup = 0A0473FA242D52D9000F2F7B /* Products */;
			projectDirPath = "";
			projectRoot = "";
			targets = (
				0A0473F8242D52D9000F2F7B /* minichallenge02 */,
				0A04740E242D52DF000F2F7B /* minichallenge02Tests */,
				0A047419242D52DF000F2F7B /* minichallenge02UITests */,
			);
		};
/* End PBXProject section */

/* Begin PBXResourcesBuildPhase section */
		0A0473F7242D52D9000F2F7B /* Resources */ = {
			isa = PBXResourcesBuildPhase;
			buildActionMask = 2147483647;
			files = (
				0AFA0720243BA1EA00D81772 /* Config.storyboard in Resources */,
				0A047409242D52DE000F2F7B /* LaunchScreen.storyboard in Resources */,
				0A047406242D52DE000F2F7B /* Assets.xcassets in Resources */,
				0AFA0724243BA22800D81772 /* Atividades.storyboard in Resources */,
				0A047404242D52D9000F2F7B /* Main.storyboard in Resources */,
				0AFA071E243BA1DB00D81772 /* Cadastro.storyboard in Resources */,
				0AFA0722243BA21B00D81772 /* Recompensa.storyboard in Resources */,
			);
			runOnlyForDeploymentPostprocessing = 0;
		};
		0A04740D242D52DF000F2F7B /* Resources */ = {
			isa = PBXResourcesBuildPhase;
			buildActionMask = 2147483647;
			files = (
			);
			runOnlyForDeploymentPostprocessing = 0;
		};
		0A047418242D52DF000F2F7B /* Resources */ = {
			isa = PBXResourcesBuildPhase;
			buildActionMask = 2147483647;
			files = (
			);
			runOnlyForDeploymentPostprocessing = 0;
		};
/* End PBXResourcesBuildPhase section */

/* Begin PBXSourcesBuildPhase section */
		0A0473F5242D52D9000F2F7B /* Sources */ = {
			isa = PBXSourcesBuildPhase;
			buildActionMask = 2147483647;
			files = (
				85BF23AA2444EB23001C7BFF /* GameViewController.swift in Sources */,
				0A047401242D52D9000F2F7B /* ViewController.swift in Sources */,
				0A0473FD242D52D9000F2F7B /* AppDelegate.swift in Sources */,
				85BF23AC2444EDC5001C7BFF /* EscovaDente.swift in Sources */,
				0A0473FF242D52D9000F2F7B /* SceneDelegate.swift in Sources */,
			);
			runOnlyForDeploymentPostprocessing = 0;
		};
		0A04740B242D52DF000F2F7B /* Sources */ = {
			isa = PBXSourcesBuildPhase;
			buildActionMask = 2147483647;
			files = (
				0A047414242D52DF000F2F7B /* minichallenge02Tests.swift in Sources */,
			);
			runOnlyForDeploymentPostprocessing = 0;
		};
		0A047416242D52DF000F2F7B /* Sources */ = {
			isa = PBXSourcesBuildPhase;
			buildActionMask = 2147483647;
			files = (
				0A04741F242D52DF000F2F7B /* minichallenge02UITests.swift in Sources */,
			);
			runOnlyForDeploymentPostprocessing = 0;
		};
/* End PBXSourcesBuildPhase section */

/* Begin PBXTargetDependency section */
		0A047411242D52DF000F2F7B /* PBXTargetDependency */ = {
			isa = PBXTargetDependency;
			target = 0A0473F8242D52D9000F2F7B /* minichallenge02 */;
			targetProxy = 0A047410242D52DF000F2F7B /* PBXContainerItemProxy */;
		};
		0A04741C242D52DF000F2F7B /* PBXTargetDependency */ = {
			isa = PBXTargetDependency;
			target = 0A0473F8242D52D9000F2F7B /* minichallenge02 */;
			targetProxy = 0A04741B242D52DF000F2F7B /* PBXContainerItemProxy */;
		};
/* End PBXTargetDependency section */

/* Begin PBXVariantGroup section */
		0A047402242D52D9000F2F7B /* Main.storyboard */ = {
			isa = PBXVariantGroup;
			children = (
				0A047403242D52D9000F2F7B /* Base */,
			);
			name = Main.storyboard;
			sourceTree = "<group>";
		};
		0A047407242D52DE000F2F7B /* LaunchScreen.storyboard */ = {
			isa = PBXVariantGroup;
			children = (
				0A047408242D52DE000F2F7B /* Base */,
			);
			name = LaunchScreen.storyboard;
			sourceTree = "<group>";
		};
/* End PBXVariantGroup section */

/* Begin XCBuildConfiguration section */
		0A047421242D52DF000F2F7B /* Debug */ = {
			isa = XCBuildConfiguration;
			buildSettings = {
				ALWAYS_SEARCH_USER_PATHS = NO;
				CLANG_ANALYZER_NONNULL = YES;
				CLANG_ANALYZER_NUMBER_OBJECT_CONVERSION = YES_AGGRESSIVE;
				CLANG_CXX_LANGUAGE_STANDARD = "gnu++14";
				CLANG_CXX_LIBRARY = "libc++";
				CLANG_ENABLE_MODULES = YES;
				CLANG_ENABLE_OBJC_ARC = YES;
				CLANG_ENABLE_OBJC_WEAK = YES;
				CLANG_WARN_BLOCK_CAPTURE_AUTORELEASING = YES;
				CLANG_WARN_BOOL_CONVERSION = YES;
				CLANG_WARN_COMMA = YES;
				CLANG_WARN_CONSTANT_CONVERSION = YES;
				CLANG_WARN_DEPRECATED_OBJC_IMPLEMENTATIONS = YES;
				CLANG_WARN_DIRECT_OBJC_ISA_USAGE = YES_ERROR;
				CLANG_WARN_DOCUMENTATION_COMMENTS = YES;
				CLANG_WARN_EMPTY_BODY = YES;
				CLANG_WARN_ENUM_CONVERSION = YES;
				CLANG_WARN_INFINITE_RECURSION = YES;
				CLANG_WARN_INT_CONVERSION = YES;
				CLANG_WARN_NON_LITERAL_NULL_CONVERSION = YES;
				CLANG_WARN_OBJC_IMPLICIT_RETAIN_SELF = YES;
				CLANG_WARN_OBJC_LITERAL_CONVERSION = YES;
				CLANG_WARN_OBJC_ROOT_CLASS = YES_ERROR;
				CLANG_WARN_RANGE_LOOP_ANALYSIS = YES;
				CLANG_WARN_STRICT_PROTOTYPES = YES;
				CLANG_WARN_SUSPICIOUS_MOVE = YES;
				CLANG_WARN_UNGUARDED_AVAILABILITY = YES_AGGRESSIVE;
				CLANG_WARN_UNREACHABLE_CODE = YES;
				CLANG_WARN__DUPLICATE_METHOD_MATCH = YES;
				COPY_PHASE_STRIP = NO;
				DEBUG_INFORMATION_FORMAT = dwarf;
				ENABLE_STRICT_OBJC_MSGSEND = YES;
				ENABLE_TESTABILITY = YES;
				GCC_C_LANGUAGE_STANDARD = gnu11;
				GCC_DYNAMIC_NO_PIC = NO;
				GCC_NO_COMMON_BLOCKS = YES;
				GCC_OPTIMIZATION_LEVEL = 0;
				GCC_PREPROCESSOR_DEFINITIONS = (
					"DEBUG=1",
					"$(inherited)",
				);
				GCC_WARN_64_TO_32_BIT_CONVERSION = YES;
				GCC_WARN_ABOUT_RETURN_TYPE = YES_ERROR;
				GCC_WARN_UNDECLARED_SELECTOR = YES;
				GCC_WARN_UNINITIALIZED_AUTOS = YES_AGGRESSIVE;
				GCC_WARN_UNUSED_FUNCTION = YES;
				GCC_WARN_UNUSED_VARIABLE = YES;
				IPHONEOS_DEPLOYMENT_TARGET = 13.4;
				MTL_ENABLE_DEBUG_INFO = INCLUDE_SOURCE;
				MTL_FAST_MATH = YES;
				ONLY_ACTIVE_ARCH = YES;
				SDKROOT = iphoneos;
				SWIFT_ACTIVE_COMPILATION_CONDITIONS = DEBUG;
				SWIFT_OPTIMIZATION_LEVEL = "-Onone";
			};
			name = Debug;
		};
		0A047422242D52DF000F2F7B /* Release */ = {
			isa = XCBuildConfiguration;
			buildSettings = {
				ALWAYS_SEARCH_USER_PATHS = NO;
				CLANG_ANALYZER_NONNULL = YES;
				CLANG_ANALYZER_NUMBER_OBJECT_CONVERSION = YES_AGGRESSIVE;
				CLANG_CXX_LANGUAGE_STANDARD = "gnu++14";
				CLANG_CXX_LIBRARY = "libc++";
				CLANG_ENABLE_MODULES = YES;
				CLANG_ENABLE_OBJC_ARC = YES;
				CLANG_ENABLE_OBJC_WEAK = YES;
				CLANG_WARN_BLOCK_CAPTURE_AUTORELEASING = YES;
				CLANG_WARN_BOOL_CONVERSION = YES;
				CLANG_WARN_COMMA = YES;
				CLANG_WARN_CONSTANT_CONVERSION = YES;
				CLANG_WARN_DEPRECATED_OBJC_IMPLEMENTATIONS = YES;
				CLANG_WARN_DIRECT_OBJC_ISA_USAGE = YES_ERROR;
				CLANG_WARN_DOCUMENTATION_COMMENTS = YES;
				CLANG_WARN_EMPTY_BODY = YES;
				CLANG_WARN_ENUM_CONVERSION = YES;
				CLANG_WARN_INFINITE_RECURSION = YES;
				CLANG_WARN_INT_CONVERSION = YES;
				CLANG_WARN_NON_LITERAL_NULL_CONVERSION = YES;
				CLANG_WARN_OBJC_IMPLICIT_RETAIN_SELF = YES;
				CLANG_WARN_OBJC_LITERAL_CONVERSION = YES;
				CLANG_WARN_OBJC_ROOT_CLASS = YES_ERROR;
				CLANG_WARN_RANGE_LOOP_ANALYSIS = YES;
				CLANG_WARN_STRICT_PROTOTYPES = YES;
				CLANG_WARN_SUSPICIOUS_MOVE = YES;
				CLANG_WARN_UNGUARDED_AVAILABILITY = YES_AGGRESSIVE;
				CLANG_WARN_UNREACHABLE_CODE = YES;
				CLANG_WARN__DUPLICATE_METHOD_MATCH = YES;
				COPY_PHASE_STRIP = NO;
				DEBUG_INFORMATION_FORMAT = "dwarf-with-dsym";
				ENABLE_NS_ASSERTIONS = NO;
				ENABLE_STRICT_OBJC_MSGSEND = YES;
				GCC_C_LANGUAGE_STANDARD = gnu11;
				GCC_NO_COMMON_BLOCKS = YES;
				GCC_WARN_64_TO_32_BIT_CONVERSION = YES;
				GCC_WARN_ABOUT_RETURN_TYPE = YES_ERROR;
				GCC_WARN_UNDECLARED_SELECTOR = YES;
				GCC_WARN_UNINITIALIZED_AUTOS = YES_AGGRESSIVE;
				GCC_WARN_UNUSED_FUNCTION = YES;
				GCC_WARN_UNUSED_VARIABLE = YES;
				IPHONEOS_DEPLOYMENT_TARGET = 13.4;
				MTL_ENABLE_DEBUG_INFO = NO;
				MTL_FAST_MATH = YES;
				SDKROOT = iphoneos;
				SWIFT_COMPILATION_MODE = wholemodule;
				SWIFT_OPTIMIZATION_LEVEL = "-O";
				VALIDATE_PRODUCT = YES;
			};
			name = Release;
		};
		0A047424242D52DF000F2F7B /* Debug */ = {
			isa = XCBuildConfiguration;
			buildSettings = {
				ASSETCATALOG_COMPILER_APPICON_NAME = AppIcon;
				CODE_SIGN_STYLE = Automatic;
				INFOPLIST_FILE = minichallenge02/Info.plist;
				LD_RUNPATH_SEARCH_PATHS = (
					"$(inherited)",
					"@executable_path/Frameworks",
				);
				PRODUCT_BUNDLE_IDENTIFIER = grupo04.minichallenge02;
				PRODUCT_NAME = "$(TARGET_NAME)";
				SWIFT_VERSION = 5.0;
				TARGETED_DEVICE_FAMILY = "1,2";
			};
			name = Debug;
		};
		0A047425242D52DF000F2F7B /* Release */ = {
			isa = XCBuildConfiguration;
			buildSettings = {
				ASSETCATALOG_COMPILER_APPICON_NAME = AppIcon;
				CODE_SIGN_STYLE = Automatic;
				INFOPLIST_FILE = minichallenge02/Info.plist;
				LD_RUNPATH_SEARCH_PATHS = (
					"$(inherited)",
					"@executable_path/Frameworks",
				);
				PRODUCT_BUNDLE_IDENTIFIER = grupo04.minichallenge02;
				PRODUCT_NAME = "$(TARGET_NAME)";
				SWIFT_VERSION = 5.0;
				TARGETED_DEVICE_FAMILY = "1,2";
			};
			name = Release;
		};
		0A047427242D52DF000F2F7B /* Debug */ = {
			isa = XCBuildConfiguration;
			buildSettings = {
				ALWAYS_EMBED_SWIFT_STANDARD_LIBRARIES = YES;
				BUNDLE_LOADER = "$(TEST_HOST)";
				CODE_SIGN_STYLE = Automatic;
				INFOPLIST_FILE = minichallenge02Tests/Info.plist;
				IPHONEOS_DEPLOYMENT_TARGET = 13.4;
				LD_RUNPATH_SEARCH_PATHS = (
					"$(inherited)",
					"@executable_path/Frameworks",
					"@loader_path/Frameworks",
				);
				PRODUCT_BUNDLE_IDENTIFIER = grupo04.minichallenge02Tests;
				PRODUCT_NAME = "$(TARGET_NAME)";
				SWIFT_VERSION = 5.0;
				TARGETED_DEVICE_FAMILY = "1,2";
				TEST_HOST = "$(BUILT_PRODUCTS_DIR)/minichallenge02.app/minichallenge02";
			};
			name = Debug;
		};
		0A047428242D52DF000F2F7B /* Release */ = {
			isa = XCBuildConfiguration;
			buildSettings = {
				ALWAYS_EMBED_SWIFT_STANDARD_LIBRARIES = YES;
				BUNDLE_LOADER = "$(TEST_HOST)";
				CODE_SIGN_STYLE = Automatic;
				INFOPLIST_FILE = minichallenge02Tests/Info.plist;
				IPHONEOS_DEPLOYMENT_TARGET = 13.4;
				LD_RUNPATH_SEARCH_PATHS = (
					"$(inherited)",
					"@executable_path/Frameworks",
					"@loader_path/Frameworks",
				);
				PRODUCT_BUNDLE_IDENTIFIER = grupo04.minichallenge02Tests;
				PRODUCT_NAME = "$(TARGET_NAME)";
				SWIFT_VERSION = 5.0;
				TARGETED_DEVICE_FAMILY = "1,2";
				TEST_HOST = "$(BUILT_PRODUCTS_DIR)/minichallenge02.app/minichallenge02";
			};
			name = Release;
		};
		0A04742A242D52DF000F2F7B /* Debug */ = {
			isa = XCBuildConfiguration;
			buildSettings = {
				ALWAYS_EMBED_SWIFT_STANDARD_LIBRARIES = YES;
				CODE_SIGN_STYLE = Automatic;
				INFOPLIST_FILE = minichallenge02UITests/Info.plist;
				LD_RUNPATH_SEARCH_PATHS = (
					"$(inherited)",
					"@executable_path/Frameworks",
					"@loader_path/Frameworks",
				);
				PRODUCT_BUNDLE_IDENTIFIER = grupo04.minichallenge02UITests;
				PRODUCT_NAME = "$(TARGET_NAME)";
				SWIFT_VERSION = 5.0;
				TARGETED_DEVICE_FAMILY = "1,2";
				TEST_TARGET_NAME = minichallenge02;
			};
			name = Debug;
		};
		0A04742B242D52DF000F2F7B /* Release */ = {
			isa = XCBuildConfiguration;
			buildSettings = {
				ALWAYS_EMBED_SWIFT_STANDARD_LIBRARIES = YES;
				CODE_SIGN_STYLE = Automatic;
				INFOPLIST_FILE = minichallenge02UITests/Info.plist;
				LD_RUNPATH_SEARCH_PATHS = (
					"$(inherited)",
					"@executable_path/Frameworks",
					"@loader_path/Frameworks",
				);
				PRODUCT_BUNDLE_IDENTIFIER = grupo04.minichallenge02UITests;
				PRODUCT_NAME = "$(TARGET_NAME)";
				SWIFT_VERSION = 5.0;
				TARGETED_DEVICE_FAMILY = "1,2";
				TEST_TARGET_NAME = minichallenge02;
			};
			name = Release;
		};
/* End XCBuildConfiguration section */

/* Begin XCConfigurationList section */
		0A0473F4242D52D9000F2F7B /* Build configuration list for PBXProject "minichallenge02" */ = {
			isa = XCConfigurationList;
			buildConfigurations = (
				0A047421242D52DF000F2F7B /* Debug */,
				0A047422242D52DF000F2F7B /* Release */,
			);
			defaultConfigurationIsVisible = 0;
			defaultConfigurationName = Release;
		};
		0A047423242D52DF000F2F7B /* Build configuration list for PBXNativeTarget "minichallenge02" */ = {
			isa = XCConfigurationList;
			buildConfigurations = (
				0A047424242D52DF000F2F7B /* Debug */,
				0A047425242D52DF000F2F7B /* Release */,
			);
			defaultConfigurationIsVisible = 0;
			defaultConfigurationName = Release;
		};
		0A047426242D52DF000F2F7B /* Build configuration list for PBXNativeTarget "minichallenge02Tests" */ = {
			isa = XCConfigurationList;
			buildConfigurations = (
				0A047427242D52DF000F2F7B /* Debug */,
				0A047428242D52DF000F2F7B /* Release */,
			);
			defaultConfigurationIsVisible = 0;
			defaultConfigurationName = Release;
		};
		0A047429242D52DF000F2F7B /* Build configuration list for PBXNativeTarget "minichallenge02UITests" */ = {
			isa = XCConfigurationList;
			buildConfigurations = (
				0A04742A242D52DF000F2F7B /* Debug */,
				0A04742B242D52DF000F2F7B /* Release */,
			);
			defaultConfigurationIsVisible = 0;
			defaultConfigurationName = Release;
		};
/* End XCConfigurationList section */
	};
	rootObject = 0A0473F1242D52D9000F2F7B /* Project object */;
}
